<Solution>
  <Folder Name="/src/">
    <Project Path="src/FarmersLeague.Api/FarmersLeague.Api.csproj" />
    <Project Path="src/FarmersLeague.MockFootballApi/FarmersLeague.MockFootballApi.csproj" />
    <Project Path="src/FarmersLeague.Scraper/FarmersLeague.Scraper.csproj" />
  </Folder>
</Solution>
